
Microsoft Visual Studio Solution File, Format Version 12.00
# Visual Studio Version 18
VisualStudioVersion = 18.7.11903.348 stable
MinimumVisualStudioVersion = 10.0.40219.1
Project("{F184B08F-C81C-45F6-A57F-5ABD9991F28F}") = "StudentAttendanceSystem", "StudentAttendanceSystem.vbproj", "{D9204E20-A0CF-FE4D-E3B2-5231FDC51AD4}"
EndProject
Global
	GlobalSection(SolutionConfigurationPlatforms) = preSolution
		Debug|Any CPU = Debug|Any CPU
		Release|Any CPU = Release|Any CPU
	EndGlobalSection
	GlobalSection(ProjectConfigurationPlatforms) = postSolution
		{D9204E20-A0CF-FE4D-E3B2-5231FDC51AD4}.Debug|Any CPU.ActiveCfg = Debug|Any CPU
		{D9204E20-A0CF-FE4D-E3B2-5231FDC51AD4}.Debug|Any CPU.Build.0 = Debug|Any CPU
		{D9204E20-A0CF-FE4D-E3B2-5231FDC51AD4}.Release|Any CPU.ActiveCfg = Release|Any CPU
		{D9204E20-A0CF-FE4D-E3B2-5231FDC51AD4}.Release|Any CPU.Build.0 = Release|Any CPU
	EndGlobalSection
	GlobalSection(SolutionProperties) = preSolution
		HideSolutionNode = FALSE
	EndGlobalSection
	GlobalSection(ExtensibilityGlobals) = postSolution
		SolutionGuid = {0EA7A950-E171-4EB6-AF7D-05791C066D42}
	EndGlobalSection
EndGlobal
